// !$*UTF8*$!
{
	archiveVersion = 1;
	classes = {
	};
	objectVersion = 50;
	objects = {

/* Begin PBXBuildFile section */
		005057672496354D00F81C25 /* AppDelegate.m in Sources */ = {isa = PBXBuildFile; fileRef = 005057662496354D00F81C25 /* AppDelegate.m */; };
		0050576A2496354D00F81C25 /* SceneDelegate.m in Sources */ = {isa = PBXBuildFile; fileRef = 005057692496354D00F81C25 /* SceneDelegate.m */; };
		0050576D2496354D00F81C25 /* ViewController.m in Sources */ = {isa = PBXBuildFile; fileRef = 0050576C2496354D00F81C25 /* ViewController.m */; };
		005057702496354D00F81C25 /* Main.storyboard in Resources */ = {isa = PBXBuildFile; fileRef = 0050576E2496354D00F81C25 /* Main.storyboard */; };
		005057722496354F00F81C25 /* Assets.xcassets in Resources */ = {isa = PBXBuildFile; fileRef = 005057712496354F00F81C25 /* Assets.xcassets */; };
		005057752496354F00F81C25 /* LaunchScreen.storyboard in Resources */ = {isa = PBXBuildFile; fileRef = 005057732496354F00F81C25 /* LaunchScreen.storyboard */; };
		005057782496354F00F81C25 /* main.m in Sources */ = {isa = PBXBuildFile; fileRef = 005057772496354F00F81C25 /* main.m */; };
/* End PBXBuildFile section */

/* Begin PBXFileReference section */
		005057622496354D00F81C25 /* Random User.app */ = {isa = PBXFileReference; explicitFileType = wrapper.application; includeInIndex = 0; path = "Random User.app"; sourceTree = BUILT_PRODUCTS_DIR; };
		005057652496354D00F81C25 /* AppDelegate.h */ = {isa = PBXFileReference; lastKnownFileType = sourcecode.c.h; path = AppDelegate.h; sourceTree = "<group>"; };
		005057662496354D00F81C25 /* AppDelegate.m */ = {isa = PBXFileReference; lastKnownFileType = sourcecode.c.objc; path = AppDelegate.m; sourceTree = "<group>"; };
		005057682496354D00F81C25 /* SceneDelegate.h */ = {isa = PBXFileReference; lastKnownFileType = sourcecode.c.h; path = SceneDelegate.h; sourceTree = "<group>"; };
		005057692496354D00F81C25 /* SceneDelegate.m */ = {isa = PBXFileReference; lastKnownFileType = sourcecode.c.objc; path = SceneDelegate.m; sourceTree = "<group>"; };
		0050576B2496354D00F81C25 /* ViewController.h */ = {isa = PBXFileReference; lastKnownFileType = sourcecode.c.h; path = ViewController.h; sourceTree = "<group>"; };
		0050576C2496354D00F81C25 /* ViewController.m */ = {isa = PBXFileReference; lastKnownFileType = sourcecode.c.objc; path = ViewController.m; sourceTree = "<group>"; };
		0050576F2496354D00F81C25 /* Base */ = {isa = PBXFileReference; lastKnownFileType = file.storyboard; name = Base; path = Base.lproj/Main.storyboard; sourceTree = "<group>"; };
		005057712496354F00F81C25 /* Assets.xcassets */ = {isa = PBXFileReference; lastKnownFileType = folder.assetcatalog; path = Assets.xcassets; sourceTree = "<group>"; };
		005057742496354F00F81C25 /* Base */ = {isa = PBXFileReference; lastKnownFileType = file.storyboard; name = Base; path = Base.lproj/LaunchScreen.storyboard; sourceTree = "<group>"; };
		005057762496354F00F81C25 /* Info.plist */ = {isa = PBXFileReference; lastKnownFileType = text.plist.xml; path = Info.plist; sourceTree = "<group>"; };
		005057772496354F00F81C25 /* main.m */ = {isa = PBXFileReference; lastKnownFileType = sourcecode.c.objc; path = main.m; sourceTree = "<group>"; };
/* End PBXFileReference section */

/* Begin PBXFrameworksBuildPhase section */
		0050575F2496354D00F81C25 /* Frameworks */ = {
			isa = PBXFrameworksBuildPhase;
			buildActionMask = 2147483647;
			files = (
			);
			runOnlyForDeploymentPostprocessing = 0;
		};
/* End PBXFrameworksBuildPhase section */

/* Begin PBXGroup section */
		005057592496354D00F81C25 = {
			isa = PBXGroup;
			children = (
				005057642496354D00F81C25 /* Random User */,
				005057632496354D00F81C25 /* Products */,
			);
			sourceTree = "<group>";
		};
		005057632496354D00F81C25 /* Products */ = {
			isa = PBXGroup;
			children = (
				005057622496354D00F81C25 /* Random User.app */,
			);
			name = Products;
			sourceTree = "<group>";
		};
		005057642496354D00F81C25 /* Random User */ = {
			isa = PBXGroup;
			children = (
				005057652496354D00F81C25 /* AppDelegate.h */,
				005057662496354D00F81C25 /* AppDelegate.m */,
				005057682496354D00F81C25 /* SceneDelegate.h */,
				005057692496354D00F81C25 /* SceneDelegate.m */,
				0050576B2496354D00F81C25 /* ViewController.h */,
				0050576C2496354D00F81C25 /* ViewController.m */,
				0050576E2496354D00F81C25 /* Main.storyboard */,
				005057712496354F00F81C25 /* Assets.xcassets */,
				005057732496354F00F81C25 /* LaunchScreen.storyboard */,
				005057762496354F00F81C25 /* Info.plist */,
				005057772496354F00F81C25 /* main.m */,
			);
			path = "Random User";
			sourceTree = "<group>";
		};
/* End PBXGroup section */

/* Begin PBXNativeTarget section */
		005057612496354D00F81C25 /* Random User */ = {
			isa = PBXNativeTarget;
			buildConfigurationList = 0050577B2496354F00F81C25 /* Build configuration list for PBXNativeTarget "Random User" */;
			buildPhases = (
				0050575E2496354D00F81C25 /* Sources */,
				0050575F2496354D00F81C25 /* Frameworks */,
				005057602496354D00F81C25 /* Resources */,
			);
			buildRules = (
			);
			dependencies = (
			);
			name = "Random User";
			productName = "Random User";
			productReference = 005057622496354D00F81C25 /* Random User.app */;
			productType = "com.apple.product-type.application";
		};
/* End PBXNativeTarget section */

/* Begin PBXProject section */
		0050575A2496354D00F81C25 /* Project object */ = {
			isa = PBXProject;
			attributes = {
				LastUpgradeCheck = 1150;
				ORGANIZATIONNAME = "Vekety Robin";
				TargetAttributes = {
					005057612496354D00F81C25 = {
						CreatedOnToolsVersion = 11.5;
					};
				};
			};
			buildConfigurationList = 0050575D2496354D00F81C25 /* Build configuration list for PBXProject "Random User" */;
			compatibilityVersion = "Xcode 9.3";
			developmentRegion = en;
			hasScannedForEncodings = 0;
			knownRegions = (
				en,
				Base,
			);
			mainGroup = 005057592496354D00F81C25;
			productRefGroup = 005057632496354D00F81C25 /* Products */;
			projectDirPath = "";
			projectRoot = "";
			targets = (
				005057612496354D00F81C25 /* Random User */,
			);
		};
/* End PBXProject section */

/* Begin PBXResourcesBuildPhase section */
		005057602496354D00F81C25 /* Resources */ = {
			isa = PBXResourcesBuildPhase;
			buildActionMask = 2147483647;
			files = (
				005057752496354F00F81C25 /* LaunchScreen.storyboard in Resources */,
				005057722496354F00F81C25 /* Assets.xcassets in Resources */,
				005057702496354D00F81C25 /* Main.storyboard in Resources */,
			);
			runOnlyForDeploymentPostprocessing = 0;
		};
/* End PBXResourcesBuildPhase section */

/* Begin PBXSourcesBuildPhase section */
		0050575E2496354D00F81C25 /* Sources */ = {
			isa = PBXSourcesBuildPhase;
			buildActionMask = 2147483647;
			files = (
				0050576D2496354D00F81C25 /* ViewController.m in Sources */,
				005057672496354D00F81C25 /* AppDelegate.m in Sources */,
				005057782496354F00F81C25 /* main.m in Sources */,
				0050576A2496354D00F81C25 /* SceneDelegate.m in Sources */,
			);
			runOnlyForDeploymentPostprocessing = 0;
		};
/* End PBXSourcesBuildPhase section */

/* Begin PBXVariantGroup section */
		0050576E2496354D00F81C25 /* Main.storyboard */ = {
			isa = PBXVariantGroup;
			children = (
				0050576F2496354D00F81C25 /* Base */,
			);
			name = Main.storyboard;
			sourceTree = "<group>";
		};
		005057732496354F00F81C25 /* LaunchScreen.storyboard */ = {
			isa = PBXVariantGroup;
			children = (
				005057742496354F00F81C25 /* Base */,
			);
			name = LaunchScreen.storyboard;
			sourceTree = "<group>";
		};
/* End PBXVariantGroup section */

/* Begin XCBuildConfiguration section */
		005057792496354F00F81C25 /* Debug */ = {
			isa = XCBuildConfiguration;
			buildSettings = {
				ALWAYS_SEARCH_USER_PATHS = NO;
				CLANG_ANALYZER_NONNULL = YES;
				CLANG_ANALYZER_NUMBER_OBJECT_CONVERSION = YES_AGGRESSIVE;
				CLANG_CXX_LANGUAGE_STANDARD = "gnu++14";
				CLANG_CXX_LIBRARY = "libc++";
				CLANG_ENABLE_MODULES = YES;
				CLANG_ENABLE_OBJC_ARC = YES;
				CLANG_ENABLE_OBJC_WEAK = YES;
				CLANG_WARN_BLOCK_CAPTURE_AUTORELEASING = YES;
				CLANG_WARN_BOOL_CONVERSION = YES;
				CLANG_WARN_COMMA = YES;
				CLANG_WARN_CONSTANT_CONVERSION = YES;
				CLANG_WARN_DEPRECATED_OBJC_IMPLEMENTATIONS = YES;
				CLANG_WARN_DIRECT_OBJC_ISA_USAGE = YES_ERROR;
				CLANG_WARN_DOCUMENTATION_COMMENTS = YES;
				CLANG_WARN_EMPTY_BODY = YES;
				CLANG_WARN_ENUM_CONVERSION = YES;
				CLANG_WARN_INFINITE_RECURSION = YES;
				CLANG_WARN_INT_CONVERSION = YES;
				CLANG_WARN_NON_LITERAL_NULL_CONVERSION = YES;
				CLANG_WARN_OBJC_IMPLICIT_RETAIN_SELF = YES;
				CLANG_WARN_OBJC_LITERAL_CONVERSION = YES;
				CLANG_WARN_OBJC_ROOT_CLASS = YES_ERROR;
				CLANG_WARN_RANGE_LOOP_ANALYSIS = YES;
				CLANG_WARN_STRICT_PROTOTYPES = YES;
				CLANG_WARN_SUSPICIOUS_MOVE = YES;
				CLANG_WARN_UNGUARDED_AVAILABILITY = YES_AGGRESSIVE;
				CLANG_WARN_UNREACHABLE_CODE = YES;
				CLANG_WARN__DUPLICATE_METHOD_MATCH = YES;
				COPY_PHASE_STRIP = NO;
				DEBUG_INFORMATION_FORMAT = dwarf;
				ENABLE_STRICT_OBJC_MSGSEND = YES;
				ENABLE_TESTABILITY = YES;
				GCC_C_LANGUAGE_STANDARD = gnu11;
				GCC_DYNAMIC_NO_PIC = NO;
				GCC_NO_COMMON_BLOCKS = YES;
				GCC_OPTIMIZATION_LEVEL = 0;
				GCC_PREPROCESSOR_DEFINITIONS = (
					"DEBUG=1",
					"$(inherited)",
				);
				GCC_WARN_64_TO_32_BIT_CONVERSION = YES;
				GCC_WARN_ABOUT_RETURN_TYPE = YES_ERROR;
				GCC_WARN_UNDECLARED_SELECTOR = YES;
				GCC_WARN_UNINITIALIZED_AUTOS = YES_AGGRESSIVE;
				GCC_WARN_UNUSED_FUNCTION = YES;
				GCC_WARN_UNUSED_VARIABLE = YES;
				IPHONEOS_DEPLOYMENT_TARGET = 13.5;
				MTL_ENABLE_DEBUG_INFO = INCLUDE_SOURCE;
				MTL_FAST_MATH = YES;
				ONLY_ACTIVE_ARCH = YES;
				SDKROOT = iphoneos;
			};
			name = Debug;
		};
		0050577A2496354F00F81C25 /* Release */ = {
			isa = XCBuildConfiguration;
			buildSettings = {
				ALWAYS_SEARCH_USER_PATHS = NO;
				CLANG_ANALYZER_NONNULL = YES;
				CLANG_ANALYZER_NUMBER_OBJECT_CONVERSION = YES_AGGRESSIVE;
				CLANG_CXX_LANGUAGE_STANDARD = "gnu++14";
				CLANG_CXX_LIBRARY = "libc++";
				CLANG_ENABLE_MODULES = YES;
				CLANG_ENABLE_OBJC_ARC = YES;
				CLANG_ENABLE_OBJC_WEAK = YES;
				CLANG_WARN_BLOCK_CAPTURE_AUTORELEASING = YES;
				CLANG_WARN_BOOL_CONVERSION = YES;
				CLANG_WARN_COMMA = YES;
				CLANG_WARN_CONSTANT_CONVERSION = YES;
				CLANG_WARN_DEPRECATED_OBJC_IMPLEMENTATIONS = YES;
				CLANG_WARN_DIRECT_OBJC_ISA_USAGE = YES_ERROR;
				CLANG_WARN_DOCUMENTATION_COMMENTS = YES;
				CLANG_WARN_EMPTY_BODY = YES;
				CLANG_WARN_ENUM_CONVERSION = YES;
				CLANG_WARN_INFINITE_RECURSION = YES;
				CLANG_WARN_INT_CONVERSION = YES;
				CLANG_WARN_NON_LITERAL_NULL_CONVERSION = YES;
				CLANG_WARN_OBJC_IMPLICIT_RETAIN_SELF = YES;
				CLANG_WARN_OBJC_LITERAL_CONVERSION = YES;
				CLANG_WARN_OBJC_ROOT_CLASS = YES_ERROR;
				CLANG_WARN_RANGE_LOOP_ANALYSIS = YES;
				CLANG_WARN_STRICT_PROTOTYPES = YES;
				CLANG_WARN_SUSPICIOUS_MOVE = YES;
				CLANG_WARN_UNGUARDED_AVAILABILITY = YES_AGGRESSIVE;
				CLANG_WARN_UNREACHABLE_CODE = YES;
				CLANG_WARN__DUPLICATE_METHOD_MATCH = YES;
				COPY_PHASE_STRIP = NO;
				DEBUG_INFORMATION_FORMAT = "dwarf-with-dsym";
				ENABLE_NS_ASSERTIONS = NO;
				ENABLE_STRICT_OBJC_MSGSEND = YES;
				GCC_C_LANGUAGE_STANDARD = gnu11;
				GCC_NO_COMMON_BLOCKS = YES;
				GCC_WARN_64_TO_32_BIT_CONVERSION = YES;
				GCC_WARN_ABOUT_RETURN_TYPE = YES_ERROR;
				GCC_WARN_UNDECLARED_SELECTOR = YES;
				GCC_WARN_UNINITIALIZED_AUTOS = YES_AGGRESSIVE;
				GCC_WARN_UNUSED_FUNCTION = YES;
				GCC_WARN_UNUSED_VARIABLE = YES;
				IPHONEOS_DEPLOYMENT_TARGET = 13.5;
				MTL_ENABLE_DEBUG_INFO = NO;
				MTL_FAST_MATH = YES;
				SDKROOT = iphoneos;
				VALIDATE_PRODUCT = YES;
			};
			name = Release;
		};
		0050577C2496354F00F81C25 /* Debug */ = {
			isa = XCBuildConfiguration;
			buildSettings = {
				ASSETCATALOG_COMPILER_APPICON_NAME = AppIcon;
				CODE_SIGN_STYLE = Automatic;
				INFOPLIST_FILE = "Random User/Info.plist";
				LD_RUNPATH_SEARCH_PATHS = (
					"$(inherited)",
					"@executable_path/Frameworks",
				);
				PRODUCT_BUNDLE_IDENTIFIER = "robinvekety.Random-User";
				PRODUCT_NAME = "$(TARGET_NAME)";
				TARGETED_DEVICE_FAMILY = "1,2";
			};
			name = Debug;
		};
		0050577D2496354F00F81C25 /* Release */ = {
			isa = XCBuildConfiguration;
			buildSettings = {
				ASSETCATALOG_COMPILER_APPICON_NAME = AppIcon;
				CODE_SIGN_STYLE = Automatic;
				INFOPLIST_FILE = "Random User/Info.plist";
				LD_RUNPATH_SEARCH_PATHS = (
					"$(inherited)",
					"@executable_path/Frameworks",
				);
				PRODUCT_BUNDLE_IDENTIFIER = "robinvekety.Random-User";
				PRODUCT_NAME = "$(TARGET_NAME)";
				TARGETED_DEVICE_FAMILY = "1,2";
			};
			name = Release;
		};
/* End XCBuildConfiguration section */

/* Begin XCConfigurationList section */
		0050575D2496354D00F81C25 /* Build configuration list for PBXProject "Random User" */ = {
			isa = XCConfigurationList;
			buildConfigurations = (
				005057792496354F00F81C25 /* Debug */,
				0050577A2496354F00F81C25 /* Release */,
			);
			defaultConfigurationIsVisible = 0;
			defaultConfigurationName = Release;
		};
		0050577B2496354F00F81C25 /* Build configuration list for PBXNativeTarget "Random User" */ = {
			isa = XCConfigurationList;
			buildConfigurations = (
				0050577C2496354F00F81C25 /* Debug */,
				0050577D2496354F00F81C25 /* Release */,
			);
			defaultConfigurationIsVisible = 0;
			defaultConfigurationName = Release;
		};
/* End XCConfigurationList section */
	};
	rootObject = 0050575A2496354D00F81C25 /* Project object */;
}
